
Microsoft Visual Studio Solution File, Format Version 12.00
# Visual Studio Version 17
VisualStudioVersion = 17.1.32414.318
MinimumVisualStudioVersion = 10.0.40219.1
Project("{FAE04EC0-301F-11D3-BF4B-00C04F79EFBC}") = "Phaseproject", "Phaseproject.csproj", "{703E4719-FEA9-4C3C-BE9D-721EAC8FEEDF}"
EndProject
Global
	GlobalSection(SolutionConfigurationPlatforms) = preSolution
		Debug|Any CPU = Debug|Any CPU
		Release|Any CPU = Release|Any CPU
	EndGlobalSection
	GlobalSection(ProjectConfigurationPlatforms) = postSolution
		{703E4719-FEA9-4C3C-BE9D-721EAC8FEEDF}.Debug|Any CPU.ActiveCfg = Debug|Any CPU
		{703E4719-FEA9-4C3C-BE9D-721EAC8FEEDF}.Debug|Any CPU.Build.0 = Debug|Any CPU
		{703E4719-FEA9-4C3C-BE9D-721EAC8FEEDF}.Release|Any CPU.ActiveCfg = Release|Any CPU
		{703E4719-FEA9-4C3C-BE9D-721EAC8FEEDF}.Release|Any CPU.Build.0 = Release|Any CPU
	EndGlobalSection
	GlobalSection(SolutionProperties) = preSolution
		HideSolutionNode = FALSE
	EndGlobalSection
	GlobalSection(ExtensibilityGlobals) = postSolution
		SolutionGuid = {CAFE1B9E-F8CF-4B21-88A6-76A5A8800620}
	EndGlobalSection
EndGlobal
